dependencies:
- name: flux2
  repository: https://fluxcd-community.github.io/helm-charts
  version: 2.13.0
- name: cert-manager
  repository: https://charts.jetstack.io
  version: v1.15.3
digest: sha256:dc14cdecc4c2c6a6c7063af7c060f56abc196ba9424353cd32a9ff80d224b85a
generated: "2024-09-27T14:59:56.208818+05:30"
