dependencies:
- name: flux2
  repository: https://fluxcd-community.github.io/helm-charts
  version: 2.13.0
- name: cert-manager
  repository: https://charts.jetstack.io
  version: v1.15.3
digest: sha256:f8a9712ec7e8da9177d595791c657e388e4da88f656d883fe0f0b1eecb7696c6
generated: "2024-10-02T22:43:24.808636+05:30"
