dependencies:
- name: flux2
  repository: https://fluxcd-community.github.io/helm-charts
  version: 2.13.0
- name: cert-manager
  repository: https://charts.jetstack.io
  version: v1.15.3
digest: sha256:915a0548fc3db7d7b9888c1a480a68da621e3076670803cb410d4e5475666299
generated: "2024-09-27T15:45:13.281884+05:30"
